
Microsoft Visual Studio Solution File, Format Version 12.00
# Visual Studio 14
VisualStudioVersion = 14.0.24720.0
MinimumVisualStudioVersion = 10.0.40219.1
Project("{FAE04EC0-301F-11D3-BF4B-00C04F79EFBC}") = "Sledgehammer.KTesting", "Sledgehammer.KTesting.ProcessingQueue\Sledgehammer.KTesting.csproj", "{9231AE84-58A5-4B5D-AC35-12D8936F9794}"
EndProject
Project("{FAE04EC0-301F-11D3-BF4B-00C04F79EFBC}") = "Sledgehammer.KTestingTests", "Sledgehammer.KTestingTests\Sledgehammer.KTestingTests.csproj", "{C6A78613-510B-4BEC-998F-2D7DF4397716}"
EndProject
Global
	GlobalSection(SolutionConfigurationPlatforms) = preSolution
		Debug|Any CPU = Debug|Any CPU
		Release|Any CPU = Release|Any CPU
	EndGlobalSection
	GlobalSection(ProjectConfigurationPlatforms) = postSolution
		{9231AE84-58A5-4B5D-AC35-12D8936F9794}.Debug|Any CPU.ActiveCfg = Debug|Any CPU
		{9231AE84-58A5-4B5D-AC35-12D8936F9794}.Debug|Any CPU.Build.0 = Debug|Any CPU
		{9231AE84-58A5-4B5D-AC35-12D8936F9794}.Release|Any CPU.ActiveCfg = Release|Any CPU
		{9231AE84-58A5-4B5D-AC35-12D8936F9794}.Release|Any CPU.Build.0 = Release|Any CPU
		{C6A78613-510B-4BEC-998F-2D7DF4397716}.Debug|Any CPU.ActiveCfg = Debug|Any CPU
		{C6A78613-510B-4BEC-998F-2D7DF4397716}.Debug|Any CPU.Build.0 = Debug|Any CPU
		{C6A78613-510B-4BEC-998F-2D7DF4397716}.Release|Any CPU.ActiveCfg = Release|Any CPU
		{C6A78613-510B-4BEC-998F-2D7DF4397716}.Release|Any CPU.Build.0 = Release|Any CPU
	EndGlobalSection
	GlobalSection(SolutionProperties) = preSolution
		HideSolutionNode = FALSE
	EndGlobalSection
EndGlobal
